// !$*UTF8*$!
{
	archiveVersion = 1;
	classes = {
	};
	objectVersion = 46;
	objects = {

/* Begin PBXBuildFile section */
		B3CD2B0A1DD82B1100C689F1 /* tellurion.mm in Sources */ = {isa = PBXBuildFile; fileRef = B3CD2B091DD82B1100C689F1 /* tellurion.mm */; };
		B3CD2B0C1DD82B2100C689F1 /* opencv2.framework in Frameworks */ = {isa = PBXBuildFile; fileRef = B3CD2B0B1DD82B2100C689F1 /* opencv2.framework */; };
/* End PBXBuildFile section */

/* Begin PBXCopyFilesBuildPhase section */
		B3CD2AF71DD82AC700C689F1 /* CopyFiles */ = {
			isa = PBXCopyFilesBuildPhase;
			buildActionMask = 2147483647;
			dstPath = "include/$(PRODUCT_NAME)";
			dstSubfolderSpec = 16;
			files = (
			);
			runOnlyForDeploymentPostprocessing = 0;
		};
/* End PBXCopyFilesBuildPhase section */

/* Begin PBXFileReference section */
		B3CD2AF91DD82AC700C689F1 /* libtellurion.a */ = {isa = PBXFileReference; explicitFileType = archive.ar; includeInIndex = 0; path = libtellurion.a; sourceTree = BUILT_PRODUCTS_DIR; };
		B3CD2B051DD82B1100C689F1 /* IUnityGraphics.h */ = {isa = PBXFileReference; fileEncoding = 4; lastKnownFileType = sourcecode.c.h; path = IUnityGraphics.h; sourceTree = "<group>"; };
		B3CD2B061DD82B1100C689F1 /* IUnityInterface.h */ = {isa = PBXFileReference; fileEncoding = 4; lastKnownFileType = sourcecode.c.h; path = IUnityInterface.h; sourceTree = "<group>"; };
		B3CD2B071DD82B1100C689F1 /* MLBasic */ = {isa = PBXFileReference; lastKnownFileType = folder; path = MLBasic; sourceTree = "<group>"; };
		B3CD2B081DD82B1100C689F1 /* tellurion.h */ = {isa = PBXFileReference; fileEncoding = 4; lastKnownFileType = sourcecode.c.h; path = tellurion.h; sourceTree = "<group>"; };
		B3CD2B091DD82B1100C689F1 /* tellurion.mm */ = {isa = PBXFileReference; fileEncoding = 4; lastKnownFileType = sourcecode.cpp.objcpp; path = tellurion.mm; sourceTree = "<group>"; };
		B3CD2B0B1DD82B2100C689F1 /* opencv2.framework */ = {isa = PBXFileReference; lastKnownFileType = wrapper.framework; path = opencv2.framework; sourceTree = "<group>"; };
/* End PBXFileReference section */

/* Begin PBXFrameworksBuildPhase section */
		B3CD2AF61DD82AC700C689F1 /* Frameworks */ = {
			isa = PBXFrameworksBuildPhase;
			buildActionMask = 2147483647;
			files = (
				B3CD2B0C1DD82B2100C689F1 /* opencv2.framework in Frameworks */,
			);
			runOnlyForDeploymentPostprocessing = 0;
		};
/* End PBXFrameworksBuildPhase section */

/* Begin PBXGroup section */
		B3CD2AF01DD82AC700C689F1 = {
			isa = PBXGroup;
			children = (
				B3CD2B0B1DD82B2100C689F1 /* opencv2.framework */,
				B3CD2AFB1DD82AC700C689F1 /* tellurion */,
				B3CD2AFA1DD82AC700C689F1 /* Products */,
			);
			sourceTree = "<group>";
		};
		B3CD2AFA1DD82AC700C689F1 /* Products */ = {
			isa = PBXGroup;
			children = (
				B3CD2AF91DD82AC700C689F1 /* libtellurion.a */,
			);
			name = Products;
			sourceTree = "<group>";
		};
		B3CD2AFB1DD82AC700C689F1 /* tellurion */ = {
			isa = PBXGroup;
			children = (
				B3CD2B051DD82B1100C689F1 /* IUnityGraphics.h */,
				B3CD2B061DD82B1100C689F1 /* IUnityInterface.h */,
				B3CD2B071DD82B1100C689F1 /* MLBasic */,
				B3CD2B081DD82B1100C689F1 /* tellurion.h */,
				B3CD2B091DD82B1100C689F1 /* tellurion.mm */,
			);
			path = tellurion;
			sourceTree = "<group>";
		};
/* End PBXGroup section */

/* Begin PBXNativeTarget section */
		B3CD2AF81DD82AC700C689F1 /* tellurion */ = {
			isa = PBXNativeTarget;
			buildConfigurationList = B3CD2B021DD82AC700C689F1 /* Build configuration list for PBXNativeTarget "tellurion" */;
			buildPhases = (
				B3CD2AF51DD82AC700C689F1 /* Sources */,
				B3CD2AF61DD82AC700C689F1 /* Frameworks */,
				B3CD2AF71DD82AC700C689F1 /* CopyFiles */,
			);
			buildRules = (
			);
			dependencies = (
			);
			name = tellurion;
			productName = tellurion;
			productReference = B3CD2AF91DD82AC700C689F1 /* libtellurion.a */;
			productType = "com.apple.product-type.library.static";
		};
/* End PBXNativeTarget section */

/* Begin PBXProject section */
		B3CD2AF11DD82AC700C689F1 /* Project object */ = {
			isa = PBXProject;
			attributes = {
				LastUpgradeCheck = 0810;
				ORGANIZATIONNAME = "杜佑宸";
				TargetAttributes = {
					B3CD2AF81DD82AC700C689F1 = {
						CreatedOnToolsVersion = 8.1;
						DevelopmentTeam = T64HBF97JR;
						ProvisioningStyle = Automatic;
					};
				};
			};
			buildConfigurationList = B3CD2AF41DD82AC700C689F1 /* Build configuration list for PBXProject "tellurion" */;
			compatibilityVersion = "Xcode 3.2";
			developmentRegion = English;
			hasScannedForEncodings = 0;
			knownRegions = (
				en,
			);
			mainGroup = B3CD2AF01DD82AC700C689F1;
			productRefGroup = B3CD2AFA1DD82AC700C689F1 /* Products */;
			projectDirPath = "";
			projectRoot = "";
			targets = (
				B3CD2AF81DD82AC700C689F1 /* tellurion */,
			);
		};
/* End PBXProject section */

/* Begin PBXSourcesBuildPhase section */
		B3CD2AF51DD82AC700C689F1 /* Sources */ = {
			isa = PBXSourcesBuildPhase;
			buildActionMask = 2147483647;
			files = (
				B3CD2B0A1DD82B1100C689F1 /* tellurion.mm in Sources */,
			);
			runOnlyForDeploymentPostprocessing = 0;
		};
/* End PBXSourcesBuildPhase section */

/* Begin XCBuildConfiguration section */
		B3CD2B001DD82AC700C689F1 /* Debug */ = {
			isa = XCBuildConfiguration;
			buildSettings = {
				ALWAYS_SEARCH_USER_PATHS = NO;
				CLANG_ANALYZER_NONNULL = YES;
				CLANG_CXX_LANGUAGE_STANDARD = "gnu++0x";
				CLANG_CXX_LIBRARY = "libc++";
				CLANG_ENABLE_MODULES = YES;
				CLANG_ENABLE_OBJC_ARC = YES;
				CLANG_WARN_BOOL_CONVERSION = YES;
				CLANG_WARN_CONSTANT_CONVERSION = YES;
				CLANG_WARN_DIRECT_OBJC_ISA_USAGE = YES_ERROR;
				CLANG_WARN_DOCUMENTATION_COMMENTS = YES;
				CLANG_WARN_EMPTY_BODY = YES;
				CLANG_WARN_ENUM_CONVERSION = YES;
				CLANG_WARN_INFINITE_RECURSION = YES;
				CLANG_WARN_INT_CONVERSION = YES;
				CLANG_WARN_OBJC_ROOT_CLASS = YES_ERROR;
				CLANG_WARN_SUSPICIOUS_MOVES = YES;
				CLANG_WARN_UNREACHABLE_CODE = YES;
				CLANG_WARN__DUPLICATE_METHOD_MATCH = YES;
				"CODE_SIGN_IDENTITY[sdk=iphoneos*]" = "iPhone Developer";
				COPY_PHASE_STRIP = NO;
				DEBUG_INFORMATION_FORMAT = dwarf;
				ENABLE_STRICT_OBJC_MSGSEND = YES;
				ENABLE_TESTABILITY = YES;
				GCC_C_LANGUAGE_STANDARD = gnu99;
				GCC_DYNAMIC_NO_PIC = NO;
				GCC_NO_COMMON_BLOCKS = YES;
				GCC_OPTIMIZATION_LEVEL = 0;
				GCC_PREPROCESSOR_DEFINITIONS = (
					"DEBUG=1",
					"$(inherited)",
				);
				GCC_WARN_64_TO_32_BIT_CONVERSION = YES;
				GCC_WARN_ABOUT_RETURN_TYPE = YES_ERROR;
				GCC_WARN_UNDECLARED_SELECTOR = YES;
				GCC_WARN_UNINITIALIZED_AUTOS = YES_AGGRESSIVE;
				GCC_WARN_UNUSED_FUNCTION = YES;
				GCC_WARN_UNUSED_VARIABLE = YES;
				IPHONEOS_DEPLOYMENT_TARGET = 10.1;
				MTL_ENABLE_DEBUG_INFO = YES;
				ONLY_ACTIVE_ARCH = YES;
				SDKROOT = iphoneos;
			};
			name = Debug;
		};
		B3CD2B011DD82AC700C689F1 /* Release */ = {
			isa = XCBuildConfiguration;
			buildSettings = {
				ALWAYS_SEARCH_USER_PATHS = NO;
				CLANG_ANALYZER_NONNULL = YES;
				CLANG_CXX_LANGUAGE_STANDARD = "gnu++0x";
				CLANG_CXX_LIBRARY = "libc++";
				CLANG_ENABLE_MODULES = YES;
				CLANG_ENABLE_OBJC_ARC = YES;
				CLANG_WARN_BOOL_CONVERSION = YES;
				CLANG_WARN_CONSTANT_CONVERSION = YES;
				CLANG_WARN_DIRECT_OBJC_ISA_USAGE = YES_ERROR;
				CLANG_WARN_DOCUMENTATION_COMMENTS = YES;
				CLANG_WARN_EMPTY_BODY = YES;
				CLANG_WARN_ENUM_CONVERSION = YES;
				CLANG_WARN_INFINITE_RECURSION = YES;
				CLANG_WARN_INT_CONVERSION = YES;
				CLANG_WARN_OBJC_ROOT_CLASS = YES_ERROR;
				CLANG_WARN_SUSPICIOUS_MOVES = YES;
				CLANG_WARN_UNREACHABLE_CODE = YES;
				CLANG_WARN__DUPLICATE_METHOD_MATCH = YES;
				"CODE_SIGN_IDENTITY[sdk=iphoneos*]" = "iPhone Developer";
				COPY_PHASE_STRIP = NO;
				DEBUG_INFORMATION_FORMAT = "dwarf-with-dsym";
				ENABLE_NS_ASSERTIONS = NO;
				ENABLE_STRICT_OBJC_MSGSEND = YES;
				GCC_C_LANGUAGE_STANDARD = gnu99;
				GCC_NO_COMMON_BLOCKS = YES;
				GCC_WARN_64_TO_32_BIT_CONVERSION = YES;
				GCC_WARN_ABOUT_RETURN_TYPE = YES_ERROR;
				GCC_WARN_UNDECLARED_SELECTOR = YES;
				GCC_WARN_UNINITIALIZED_AUTOS = YES_AGGRESSIVE;
				GCC_WARN_UNUSED_FUNCTION = YES;
				GCC_WARN_UNUSED_VARIABLE = YES;
				IPHONEOS_DEPLOYMENT_TARGET = 10.1;
				MTL_ENABLE_DEBUG_INFO = NO;
				SDKROOT = iphoneos;
				VALIDATE_PRODUCT = YES;
			};
			name = Release;
		};
		B3CD2B031DD82AC700C689F1 /* Debug */ = {
			isa = XCBuildConfiguration;
			buildSettings = {
				DEVELOPMENT_TEAM = T64HBF97JR;
				FRAMEWORK_SEARCH_PATHS = (
					"$(inherited)",
					"$(PROJECT_DIR)",
				);
				OTHER_LDFLAGS = "-ObjC";
				PRODUCT_NAME = "$(TARGET_NAME)";
				SKIP_INSTALL = YES;
			};
			name = Debug;
		};
		B3CD2B041DD82AC700C689F1 /* Release */ = {
			isa = XCBuildConfiguration;
			buildSettings = {
				DEVELOPMENT_TEAM = T64HBF97JR;
				FRAMEWORK_SEARCH_PATHS = (
					"$(inherited)",
					"$(PROJECT_DIR)",
				);
				OTHER_LDFLAGS = "-ObjC";
				PRODUCT_NAME = "$(TARGET_NAME)";
				SKIP_INSTALL = YES;
			};
			name = Release;
		};
/* End XCBuildConfiguration section */

/* Begin XCConfigurationList section */
		B3CD2AF41DD82AC700C689F1 /* Build configuration list for PBXProject "tellurion" */ = {
			isa = XCConfigurationList;
			buildConfigurations = (
				B3CD2B001DD82AC700C689F1 /* Debug */,
				B3CD2B011DD82AC700C689F1 /* Release */,
			);
			defaultConfigurationIsVisible = 0;
			defaultConfigurationName = Release;
		};
		B3CD2B021DD82AC700C689F1 /* Build configuration list for PBXNativeTarget "tellurion" */ = {
			isa = XCConfigurationList;
			buildConfigurations = (
				B3CD2B031DD82AC700C689F1 /* Debug */,
				B3CD2B041DD82AC700C689F1 /* Release */,
			);
			defaultConfigurationIsVisible = 0;
		};
/* End XCConfigurationList section */
	};
	rootObject = B3CD2AF11DD82AC700C689F1 /* Project object */;
}
