// !$*UTF8*$!
{
	archiveVersion = 1;
	classes = {
	};
	objectVersion = 46;
	objects = {

/* Begin PBXBuildFile section */
		B37179CF1C59E3E60026ECCE /* AppDelegate.swift in Sources */ = {isa = PBXBuildFile; fileRef = B37179CE1C59E3E60026ECCE /* AppDelegate.swift */; };
		B37179D11C59E3E60026ECCE /* ViewController.swift in Sources */ = {isa = PBXBuildFile; fileRef = B37179D01C59E3E60026ECCE /* ViewController.swift */; };
		B37179D41C59E3E60026ECCE /* Main.storyboard in Resources */ = {isa = PBXBuildFile; fileRef = B37179D21C59E3E60026ECCE /* Main.storyboard */; };
		B37179D61C59E3E60026ECCE /* Assets.xcassets in Resources */ = {isa = PBXBuildFile; fileRef = B37179D51C59E3E60026ECCE /* Assets.xcassets */; };
		B37179D91C59E3E60026ECCE /* LaunchScreen.storyboard in Resources */ = {isa = PBXBuildFile; fileRef = B37179D71C59E3E60026ECCE /* LaunchScreen.storyboard */; };
/* End PBXBuildFile section */

/* Begin PBXFileReference section */
		B37179CB1C59E3E60026ECCE /* CALayer.app */ = {isa = PBXFileReference; explicitFileType = wrapper.application; includeInIndex = 0; path = CALayer.app; sourceTree = BUILT_PRODUCTS_DIR; };
		B37179CE1C59E3E60026ECCE /* AppDelegate.swift */ = {isa = PBXFileReference; lastKnownFileType = sourcecode.swift; path = AppDelegate.swift; sourceTree = "<group>"; };
		B37179D01C59E3E60026ECCE /* ViewController.swift */ = {isa = PBXFileReference; lastKnownFileType = sourcecode.swift; path = ViewController.swift; sourceTree = "<group>"; };
		B37179D31C59E3E60026ECCE /* Base */ = {isa = PBXFileReference; lastKnownFileType = file.storyboard; name = Base; path = Base.lproj/Main.storyboard; sourceTree = "<group>"; };
		B37179D51C59E3E60026ECCE /* Assets.xcassets */ = {isa = PBXFileReference; lastKnownFileType = folder.assetcatalog; path = Assets.xcassets; sourceTree = "<group>"; };
		B37179D81C59E3E60026ECCE /* Base */ = {isa = PBXFileReference; lastKnownFileType = file.storyboard; name = Base; path = Base.lproj/LaunchScreen.storyboard; sourceTree = "<group>"; };
		B37179DA1C59E3E60026ECCE /* Info.plist */ = {isa = PBXFileReference; lastKnownFileType = text.plist.xml; path = Info.plist; sourceTree = "<group>"; };
/* End PBXFileReference section */

/* Begin PBXFrameworksBuildPhase section */
		B37179C81C59E3E60026ECCE /* Frameworks */ = {
			isa = PBXFrameworksBuildPhase;
			buildActionMask = 2147483647;
			files = (
			);
			runOnlyForDeploymentPostprocessing = 0;
		};
/* End PBXFrameworksBuildPhase section */

/* Begin PBXGroup section */
		B37179C21C59E3E60026ECCE = {
			isa = PBXGroup;
			children = (
				B37179CD1C59E3E60026ECCE /* CALayer */,
				B37179CC1C59E3E60026ECCE /* Products */,
			);
			sourceTree = "<group>";
		};
		B37179CC1C59E3E60026ECCE /* Products */ = {
			isa = PBXGroup;
			children = (
				B37179CB1C59E3E60026ECCE /* CALayer.app */,
			);
			name = Products;
			sourceTree = "<group>";
		};
		B37179CD1C59E3E60026ECCE /* CALayer */ = {
			isa = PBXGroup;
			children = (
				B37179CE1C59E3E60026ECCE /* AppDelegate.swift */,
				B37179D01C59E3E60026ECCE /* ViewController.swift */,
				B37179D21C59E3E60026ECCE /* Main.storyboard */,
				B37179D51C59E3E60026ECCE /* Assets.xcassets */,
				B37179D71C59E3E60026ECCE /* LaunchScreen.storyboard */,
				B37179DA1C59E3E60026ECCE /* Info.plist */,
			);
			path = CALayer;
			sourceTree = "<group>";
		};
/* End PBXGroup section */

/* Begin PBXNativeTarget section */
		B37179CA1C59E3E60026ECCE /* CALayer */ = {
			isa = PBXNativeTarget;
			buildConfigurationList = B37179DD1C59E3E60026ECCE /* Build configuration list for PBXNativeTarget "CALayer" */;
			buildPhases = (
				B37179C71C59E3E60026ECCE /* Sources */,
				B37179C81C59E3E60026ECCE /* Frameworks */,
				B37179C91C59E3E60026ECCE /* Resources */,
			);
			buildRules = (
			);
			dependencies = (
			);
			name = CALayer;
			productName = CALayer;
			productReference = B37179CB1C59E3E60026ECCE /* CALayer.app */;
			productType = "com.apple.product-type.application";
		};
/* End PBXNativeTarget section */

/* Begin PBXProject section */
		B37179C31C59E3E60026ECCE /* Project object */ = {
			isa = PBXProject;
			attributes = {
				LastSwiftUpdateCheck = 0720;
				LastUpgradeCheck = 0720;
				ORGANIZATIONNAME = "杜佑宸";
				TargetAttributes = {
					B37179CA1C59E3E60026ECCE = {
						CreatedOnToolsVersion = 7.2;
						DevelopmentTeam = T64HBF97JR;
					};
				};
			};
			buildConfigurationList = B37179C61C59E3E60026ECCE /* Build configuration list for PBXProject "CALayer" */;
			compatibilityVersion = "Xcode 3.2";
			developmentRegion = English;
			hasScannedForEncodings = 0;
			knownRegions = (
				en,
				Base,
			);
			mainGroup = B37179C21C59E3E60026ECCE;
			productRefGroup = B37179CC1C59E3E60026ECCE /* Products */;
			projectDirPath = "";
			projectRoot = "";
			targets = (
				B37179CA1C59E3E60026ECCE /* CALayer */,
			);
		};
/* End PBXProject section */

/* Begin PBXResourcesBuildPhase section */
		B37179C91C59E3E60026ECCE /* Resources */ = {
			isa = PBXResourcesBuildPhase;
			buildActionMask = 2147483647;
			files = (
				B37179D91C59E3E60026ECCE /* LaunchScreen.storyboard in Resources */,
				B37179D61C59E3E60026ECCE /* Assets.xcassets in Resources */,
				B37179D41C59E3E60026ECCE /* Main.storyboard in Resources */,
			);
			runOnlyForDeploymentPostprocessing = 0;
		};
/* End PBXResourcesBuildPhase section */

/* Begin PBXSourcesBuildPhase section */
		B37179C71C59E3E60026ECCE /* Sources */ = {
			isa = PBXSourcesBuildPhase;
			buildActionMask = 2147483647;
			files = (
				B37179D11C59E3E60026ECCE /* ViewController.swift in Sources */,
				B37179CF1C59E3E60026ECCE /* AppDelegate.swift in Sources */,
			);
			runOnlyForDeploymentPostprocessing = 0;
		};
/* End PBXSourcesBuildPhase section */

/* Begin PBXVariantGroup section */
		B37179D21C59E3E60026ECCE /* Main.storyboard */ = {
			isa = PBXVariantGroup;
			children = (
				B37179D31C59E3E60026ECCE /* Base */,
			);
			name = Main.storyboard;
			sourceTree = "<group>";
		};
		B37179D71C59E3E60026ECCE /* LaunchScreen.storyboard */ = {
			isa = PBXVariantGroup;
			children = (
				B37179D81C59E3E60026ECCE /* Base */,
			);
			name = LaunchScreen.storyboard;
			sourceTree = "<group>";
		};
/* End PBXVariantGroup section */

/* Begin XCBuildConfiguration section */
		B37179DB1C59E3E60026ECCE /* Debug */ = {
			isa = XCBuildConfiguration;
			buildSettings = {
				ALWAYS_SEARCH_USER_PATHS = NO;
				CLANG_CXX_LANGUAGE_STANDARD = "gnu++0x";
				CLANG_CXX_LIBRARY = "libc++";
				CLANG_ENABLE_MODULES = YES;
				CLANG_ENABLE_OBJC_ARC = YES;
				CLANG_WARN_BOOL_CONVERSION = YES;
				CLANG_WARN_CONSTANT_CONVERSION = YES;
				CLANG_WARN_DIRECT_OBJC_ISA_USAGE = YES_ERROR;
				CLANG_WARN_EMPTY_BODY = YES;
				CLANG_WARN_ENUM_CONVERSION = YES;
				CLANG_WARN_INT_CONVERSION = YES;
				CLANG_WARN_OBJC_ROOT_CLASS = YES_ERROR;
				CLANG_WARN_UNREACHABLE_CODE = YES;
				CLANG_WARN__DUPLICATE_METHOD_MATCH = YES;
				"CODE_SIGN_IDENTITY[sdk=iphoneos*]" = "iPhone Developer";
				COPY_PHASE_STRIP = NO;
				DEBUG_INFORMATION_FORMAT = dwarf;
				ENABLE_STRICT_OBJC_MSGSEND = YES;
				ENABLE_TESTABILITY = YES;
				GCC_C_LANGUAGE_STANDARD = gnu99;
				GCC_DYNAMIC_NO_PIC = NO;
				GCC_NO_COMMON_BLOCKS = YES;
				GCC_OPTIMIZATION_LEVEL = 0;
				GCC_PREPROCESSOR_DEFINITIONS = (
					"DEBUG=1",
					"$(inherited)",
				);
				GCC_WARN_64_TO_32_BIT_CONVERSION = YES;
				GCC_WARN_ABOUT_RETURN_TYPE = YES_ERROR;
				GCC_WARN_UNDECLARED_SELECTOR = YES;
				GCC_WARN_UNINITIALIZED_AUTOS = YES_AGGRESSIVE;
				GCC_WARN_UNUSED_FUNCTION = YES;
				GCC_WARN_UNUSED_VARIABLE = YES;
				IPHONEOS_DEPLOYMENT_TARGET = 9.2;
				MTL_ENABLE_DEBUG_INFO = YES;
				ONLY_ACTIVE_ARCH = YES;
				SDKROOT = iphoneos;
				SWIFT_OPTIMIZATION_LEVEL = "-Onone";
			};
			name = Debug;
		};
		B37179DC1C59E3E60026ECCE /* Release */ = {
			isa = XCBuildConfiguration;
			buildSettings = {
				ALWAYS_SEARCH_USER_PATHS = NO;
				CLANG_CXX_LANGUAGE_STANDARD = "gnu++0x";
				CLANG_CXX_LIBRARY = "libc++";
				CLANG_ENABLE_MODULES = YES;
				CLANG_ENABLE_OBJC_ARC = YES;
				CLANG_WARN_BOOL_CONVERSION = YES;
				CLANG_WARN_CONSTANT_CONVERSION = YES;
				CLANG_WARN_DIRECT_OBJC_ISA_USAGE = YES_ERROR;
				CLANG_WARN_EMPTY_BODY = YES;
				CLANG_WARN_ENUM_CONVERSION = YES;
				CLANG_WARN_INT_CONVERSION = YES;
				CLANG_WARN_OBJC_ROOT_CLASS = YES_ERROR;
				CLANG_WARN_UNREACHABLE_CODE = YES;
				CLANG_WARN__DUPLICATE_METHOD_MATCH = YES;
				"CODE_SIGN_IDENTITY[sdk=iphoneos*]" = "iPhone Developer";
				COPY_PHASE_STRIP = NO;
				DEBUG_INFORMATION_FORMAT = "dwarf-with-dsym";
				ENABLE_NS_ASSERTIONS = NO;
				ENABLE_STRICT_OBJC_MSGSEND = YES;
				GCC_C_LANGUAGE_STANDARD = gnu99;
				GCC_NO_COMMON_BLOCKS = YES;
				GCC_WARN_64_TO_32_BIT_CONVERSION = YES;
				GCC_WARN_ABOUT_RETURN_TYPE = YES_ERROR;
				GCC_WARN_UNDECLARED_SELECTOR = YES;
				GCC_WARN_UNINITIALIZED_AUTOS = YES_AGGRESSIVE;
				GCC_WARN_UNUSED_FUNCTION = YES;
				GCC_WARN_UNUSED_VARIABLE = YES;
				IPHONEOS_DEPLOYMENT_TARGET = 9.2;
				MTL_ENABLE_DEBUG_INFO = NO;
				SDKROOT = iphoneos;
				VALIDATE_PRODUCT = YES;
			};
			name = Release;
		};
		B37179DE1C59E3E60026ECCE /* Debug */ = {
			isa = XCBuildConfiguration;
			buildSettings = {
				ASSETCATALOG_COMPILER_APPICON_NAME = AppIcon;
				INFOPLIST_FILE = CALayer/Info.plist;
				LD_RUNPATH_SEARCH_PATHS = "$(inherited) @executable_path/Frameworks";
				PRODUCT_BUNDLE_IDENTIFIER = david.CALayer;
				PRODUCT_NAME = "$(TARGET_NAME)";
			};
			name = Debug;
		};
		B37179DF1C59E3E60026ECCE /* Release */ = {
			isa = XCBuildConfiguration;
			buildSettings = {
				ASSETCATALOG_COMPILER_APPICON_NAME = AppIcon;
				INFOPLIST_FILE = CALayer/Info.plist;
				LD_RUNPATH_SEARCH_PATHS = "$(inherited) @executable_path/Frameworks";
				PRODUCT_BUNDLE_IDENTIFIER = david.CALayer;
				PRODUCT_NAME = "$(TARGET_NAME)";
			};
			name = Release;
		};
/* End XCBuildConfiguration section */

/* Begin XCConfigurationList section */
		B37179C61C59E3E60026ECCE /* Build configuration list for PBXProject "CALayer" */ = {
			isa = XCConfigurationList;
			buildConfigurations = (
				B37179DB1C59E3E60026ECCE /* Debug */,
				B37179DC1C59E3E60026ECCE /* Release */,
			);
			defaultConfigurationIsVisible = 0;
			defaultConfigurationName = Release;
		};
		B37179DD1C59E3E60026ECCE /* Build configuration list for PBXNativeTarget "CALayer" */ = {
			isa = XCConfigurationList;
			buildConfigurations = (
				B37179DE1C59E3E60026ECCE /* Debug */,
				B37179DF1C59E3E60026ECCE /* Release */,
			);
			defaultConfigurationIsVisible = 0;
		};
/* End XCConfigurationList section */
	};
	rootObject = B37179C31C59E3E60026ECCE /* Project object */;
}
